
Microsoft Visual Studio Solution File, Format Version 12.00
# Visual Studio Version 17
VisualStudioVersion = 17.2.32616.157
MinimumVisualStudioVersion = 10.0.40219.1
Project("{8BC9CEB8-8B4A-11D0-8D11-00A0C91BC942}") = "mlib3", "mlib3\mlib3.vcxproj", "{FF1D8F23-4FAF-4DA0-8EA5-A72D1E070715}"
EndProject
Project("{8BC9CEB8-8B4A-11D0-8D11-00A0C91BC942}") = "dcm_sort", "dcm_sort\dcm_sort.vcxproj", "{66EE0321-9707-45CD-9D55-73127DAC8199}"
EndProject
Project("{8BC9CEB8-8B4A-11D0-8D11-00A0C91BC942}") = "dcmlib", "dcmlib\dcmlib.vcxproj", "{F584B91F-49EF-4C10-B25C-94C23E311861}"
EndProject
Project("{8BC9CEB8-8B4A-11D0-8D11-00A0C91BC942}") = "imgcmp", "cmpanalyze\cmpanalyze.vcxproj", "{1FD3EC14-9236-4514-A684-BFF53E55C0B0}"
EndProject
Project("{8BC9CEB8-8B4A-11D0-8D11-00A0C91BC942}") = "dcminfo", "dcminfo\dcminfo.vcxproj", "{F56503E7-A866-4736-ADAF-79C70BF986CD}"
EndProject
Project("{8BC9CEB8-8B4A-11D0-8D11-00A0C91BC942}") = "analyze2dcm", "analyze2dcm\analyze2dcm.vcxproj", "{49B26941-6BD5-4C47-86F3-31806BAB4E6D}"
EndProject
Project("{2150E333-8FDC-42A3-9474-1A3956D46DE8}") = "Solution Items", "Solution Items", "{B3BC3184-5232-4DDF-AB8D-84FC8119784A}"
EndProject
Project("{8BC9CEB8-8B4A-11D0-8D11-00A0C91BC942}") = "dcm2analyze", "dcm2analyze\dcm2analyze.vcxproj", "{AD5A3A6A-8B2B-4624-92A8-515088A63FBB}"
EndProject
Global
	GlobalSection(SolutionConfigurationPlatforms) = preSolution
		Debug|Win32 = Debug|Win32
		Debug|x64 = Debug|x64
		Debug|x86 = Debug|x86
		Debug1|Win32 = Debug1|Win32
		Debug1|x64 = Debug1|x64
		Debug1|x86 = Debug1|x86
		Release|Win32 = Release|Win32
		Release|x64 = Release|x64
		Release|x86 = Release|x86
	EndGlobalSection
	GlobalSection(ProjectConfigurationPlatforms) = postSolution
		{FF1D8F23-4FAF-4DA0-8EA5-A72D1E070715}.Debug|Win32.ActiveCfg = Debug|Win32
		{FF1D8F23-4FAF-4DA0-8EA5-A72D1E070715}.Debug|Win32.Build.0 = Debug|Win32
		{FF1D8F23-4FAF-4DA0-8EA5-A72D1E070715}.Debug|x64.ActiveCfg = Debug|Win32
		{FF1D8F23-4FAF-4DA0-8EA5-A72D1E070715}.Debug|x64.Build.0 = Debug|Win32
		{FF1D8F23-4FAF-4DA0-8EA5-A72D1E070715}.Debug|x86.ActiveCfg = Debug|Win32
		{FF1D8F23-4FAF-4DA0-8EA5-A72D1E070715}.Debug|x86.Build.0 = Debug|Win32
		{FF1D8F23-4FAF-4DA0-8EA5-A72D1E070715}.Debug1|Win32.ActiveCfg = Debug1|Win32
		{FF1D8F23-4FAF-4DA0-8EA5-A72D1E070715}.Debug1|Win32.Build.0 = Debug1|Win32
		{FF1D8F23-4FAF-4DA0-8EA5-A72D1E070715}.Debug1|x64.ActiveCfg = Debug1|Win32
		{FF1D8F23-4FAF-4DA0-8EA5-A72D1E070715}.Debug1|x86.ActiveCfg = Debug1|Win32
		{FF1D8F23-4FAF-4DA0-8EA5-A72D1E070715}.Debug1|x86.Build.0 = Debug1|Win32
		{FF1D8F23-4FAF-4DA0-8EA5-A72D1E070715}.Release|Win32.ActiveCfg = Release|Win32
		{FF1D8F23-4FAF-4DA0-8EA5-A72D1E070715}.Release|Win32.Build.0 = Release|Win32
		{FF1D8F23-4FAF-4DA0-8EA5-A72D1E070715}.Release|x64.ActiveCfg = Release|Win32
		{FF1D8F23-4FAF-4DA0-8EA5-A72D1E070715}.Release|x86.ActiveCfg = Release|Win32
		{FF1D8F23-4FAF-4DA0-8EA5-A72D1E070715}.Release|x86.Build.0 = Release|Win32
		{66EE0321-9707-45CD-9D55-73127DAC8199}.Debug|Win32.ActiveCfg = Debug|Win32
		{66EE0321-9707-45CD-9D55-73127DAC8199}.Debug|Win32.Build.0 = Debug|Win32
		{66EE0321-9707-45CD-9D55-73127DAC8199}.Debug|x64.ActiveCfg = Debug|Win32
		{66EE0321-9707-45CD-9D55-73127DAC8199}.Debug|x64.Build.0 = Debug|Win32
		{66EE0321-9707-45CD-9D55-73127DAC8199}.Debug|x86.ActiveCfg = Debug|Win32
		{66EE0321-9707-45CD-9D55-73127DAC8199}.Debug|x86.Build.0 = Debug|Win32
		{66EE0321-9707-45CD-9D55-73127DAC8199}.Debug1|Win32.ActiveCfg = Debug1|Win32
		{66EE0321-9707-45CD-9D55-73127DAC8199}.Debug1|Win32.Build.0 = Debug1|Win32
		{66EE0321-9707-45CD-9D55-73127DAC8199}.Debug1|x64.ActiveCfg = Debug1|Win32
		{66EE0321-9707-45CD-9D55-73127DAC8199}.Debug1|x86.ActiveCfg = Debug1|Win32
		{66EE0321-9707-45CD-9D55-73127DAC8199}.Debug1|x86.Build.0 = Debug1|Win32
		{66EE0321-9707-45CD-9D55-73127DAC8199}.Release|Win32.ActiveCfg = Release|Win32
		{66EE0321-9707-45CD-9D55-73127DAC8199}.Release|Win32.Build.0 = Release|Win32
		{66EE0321-9707-45CD-9D55-73127DAC8199}.Release|x64.ActiveCfg = Release|Win32
		{66EE0321-9707-45CD-9D55-73127DAC8199}.Release|x86.ActiveCfg = Release|Win32
		{66EE0321-9707-45CD-9D55-73127DAC8199}.Release|x86.Build.0 = Release|Win32
		{F584B91F-49EF-4C10-B25C-94C23E311861}.Debug|Win32.ActiveCfg = Debug|Win32
		{F584B91F-49EF-4C10-B25C-94C23E311861}.Debug|Win32.Build.0 = Debug|Win32
		{F584B91F-49EF-4C10-B25C-94C23E311861}.Debug|x64.ActiveCfg = Debug|Win32
		{F584B91F-49EF-4C10-B25C-94C23E311861}.Debug|x64.Build.0 = Debug|Win32
		{F584B91F-49EF-4C10-B25C-94C23E311861}.Debug|x86.ActiveCfg = Debug|Win32
		{F584B91F-49EF-4C10-B25C-94C23E311861}.Debug|x86.Build.0 = Debug|Win32
		{F584B91F-49EF-4C10-B25C-94C23E311861}.Debug1|Win32.ActiveCfg = Debug1|Win32
		{F584B91F-49EF-4C10-B25C-94C23E311861}.Debug1|Win32.Build.0 = Debug1|Win32
		{F584B91F-49EF-4C10-B25C-94C23E311861}.Debug1|x64.ActiveCfg = Debug1|Win32
		{F584B91F-49EF-4C10-B25C-94C23E311861}.Debug1|x86.ActiveCfg = Debug1|Win32
		{F584B91F-49EF-4C10-B25C-94C23E311861}.Debug1|x86.Build.0 = Debug1|Win32
		{F584B91F-49EF-4C10-B25C-94C23E311861}.Release|Win32.ActiveCfg = Release|Win32
		{F584B91F-49EF-4C10-B25C-94C23E311861}.Release|Win32.Build.0 = Release|Win32
		{F584B91F-49EF-4C10-B25C-94C23E311861}.Release|x64.ActiveCfg = Release|Win32
		{F584B91F-49EF-4C10-B25C-94C23E311861}.Release|x86.ActiveCfg = Release|Win32
		{F584B91F-49EF-4C10-B25C-94C23E311861}.Release|x86.Build.0 = Release|Win32
		{1FD3EC14-9236-4514-A684-BFF53E55C0B0}.Debug|Win32.ActiveCfg = Debug|Win32
		{1FD3EC14-9236-4514-A684-BFF53E55C0B0}.Debug|Win32.Build.0 = Debug|Win32
		{1FD3EC14-9236-4514-A684-BFF53E55C0B0}.Debug|x64.ActiveCfg = Debug|Win32
		{1FD3EC14-9236-4514-A684-BFF53E55C0B0}.Debug|x64.Build.0 = Debug|Win32
		{1FD3EC14-9236-4514-A684-BFF53E55C0B0}.Debug|x86.ActiveCfg = Debug|Win32
		{1FD3EC14-9236-4514-A684-BFF53E55C0B0}.Debug|x86.Build.0 = Debug|Win32
		{1FD3EC14-9236-4514-A684-BFF53E55C0B0}.Debug1|Win32.ActiveCfg = Debug1|Win32
		{1FD3EC14-9236-4514-A684-BFF53E55C0B0}.Debug1|Win32.Build.0 = Debug1|Win32
		{1FD3EC14-9236-4514-A684-BFF53E55C0B0}.Debug1|x64.ActiveCfg = Debug1|Win32
		{1FD3EC14-9236-4514-A684-BFF53E55C0B0}.Debug1|x86.ActiveCfg = Debug1|Win32
		{1FD3EC14-9236-4514-A684-BFF53E55C0B0}.Debug1|x86.Build.0 = Debug1|Win32
		{1FD3EC14-9236-4514-A684-BFF53E55C0B0}.Release|Win32.ActiveCfg = Release|Win32
		{1FD3EC14-9236-4514-A684-BFF53E55C0B0}.Release|Win32.Build.0 = Release|Win32
		{1FD3EC14-9236-4514-A684-BFF53E55C0B0}.Release|x64.ActiveCfg = Release|Win32
		{1FD3EC14-9236-4514-A684-BFF53E55C0B0}.Release|x86.ActiveCfg = Release|Win32
		{1FD3EC14-9236-4514-A684-BFF53E55C0B0}.Release|x86.Build.0 = Release|Win32
		{F56503E7-A866-4736-ADAF-79C70BF986CD}.Debug|Win32.ActiveCfg = Debug|Win32
		{F56503E7-A866-4736-ADAF-79C70BF986CD}.Debug|Win32.Build.0 = Debug|Win32
		{F56503E7-A866-4736-ADAF-79C70BF986CD}.Debug|x64.ActiveCfg = Debug|Win32
		{F56503E7-A866-4736-ADAF-79C70BF986CD}.Debug|x64.Build.0 = Debug|Win32
		{F56503E7-A866-4736-ADAF-79C70BF986CD}.Debug|x86.ActiveCfg = Debug|Win32
		{F56503E7-A866-4736-ADAF-79C70BF986CD}.Debug|x86.Build.0 = Debug|Win32
		{F56503E7-A866-4736-ADAF-79C70BF986CD}.Debug1|Win32.ActiveCfg = Debug1|Win32
		{F56503E7-A866-4736-ADAF-79C70BF986CD}.Debug1|Win32.Build.0 = Debug1|Win32
		{F56503E7-A866-4736-ADAF-79C70BF986CD}.Debug1|x64.ActiveCfg = Debug1|Win32
		{F56503E7-A866-4736-ADAF-79C70BF986CD}.Debug1|x86.ActiveCfg = Debug1|Win32
		{F56503E7-A866-4736-ADAF-79C70BF986CD}.Debug1|x86.Build.0 = Debug1|Win32
		{F56503E7-A866-4736-ADAF-79C70BF986CD}.Release|Win32.ActiveCfg = Release|Win32
		{F56503E7-A866-4736-ADAF-79C70BF986CD}.Release|Win32.Build.0 = Release|Win32
		{F56503E7-A866-4736-ADAF-79C70BF986CD}.Release|x64.ActiveCfg = Release|Win32
		{F56503E7-A866-4736-ADAF-79C70BF986CD}.Release|x86.ActiveCfg = Release|Win32
		{F56503E7-A866-4736-ADAF-79C70BF986CD}.Release|x86.Build.0 = Release|Win32
		{49B26941-6BD5-4C47-86F3-31806BAB4E6D}.Debug|Win32.ActiveCfg = Debug|Win32
		{49B26941-6BD5-4C47-86F3-31806BAB4E6D}.Debug|Win32.Build.0 = Debug|Win32
		{49B26941-6BD5-4C47-86F3-31806BAB4E6D}.Debug|x64.ActiveCfg = Debug|Win32
		{49B26941-6BD5-4C47-86F3-31806BAB4E6D}.Debug|x64.Build.0 = Debug|Win32
		{49B26941-6BD5-4C47-86F3-31806BAB4E6D}.Debug|x86.ActiveCfg = Debug|Win32
		{49B26941-6BD5-4C47-86F3-31806BAB4E6D}.Debug|x86.Build.0 = Debug|Win32
		{49B26941-6BD5-4C47-86F3-31806BAB4E6D}.Debug1|Win32.ActiveCfg = Debug1|Win32
		{49B26941-6BD5-4C47-86F3-31806BAB4E6D}.Debug1|Win32.Build.0 = Debug1|Win32
		{49B26941-6BD5-4C47-86F3-31806BAB4E6D}.Debug1|x64.ActiveCfg = Debug1|Win32
		{49B26941-6BD5-4C47-86F3-31806BAB4E6D}.Debug1|x86.ActiveCfg = Debug1|Win32
		{49B26941-6BD5-4C47-86F3-31806BAB4E6D}.Debug1|x86.Build.0 = Debug1|Win32
		{49B26941-6BD5-4C47-86F3-31806BAB4E6D}.Release|Win32.ActiveCfg = Release|Win32
		{49B26941-6BD5-4C47-86F3-31806BAB4E6D}.Release|Win32.Build.0 = Release|Win32
		{49B26941-6BD5-4C47-86F3-31806BAB4E6D}.Release|x64.ActiveCfg = Release|Win32
		{49B26941-6BD5-4C47-86F3-31806BAB4E6D}.Release|x86.ActiveCfg = Release|Win32
		{49B26941-6BD5-4C47-86F3-31806BAB4E6D}.Release|x86.Build.0 = Release|Win32
		{AD5A3A6A-8B2B-4624-92A8-515088A63FBB}.Debug|Win32.ActiveCfg = Debug|Win32
		{AD5A3A6A-8B2B-4624-92A8-515088A63FBB}.Debug|Win32.Build.0 = Debug|Win32
		{AD5A3A6A-8B2B-4624-92A8-515088A63FBB}.Debug|x64.ActiveCfg = Debug|Win32
		{AD5A3A6A-8B2B-4624-92A8-515088A63FBB}.Debug|x64.Build.0 = Debug|Win32
		{AD5A3A6A-8B2B-4624-92A8-515088A63FBB}.Debug|x86.ActiveCfg = Debug|Win32
		{AD5A3A6A-8B2B-4624-92A8-515088A63FBB}.Debug|x86.Build.0 = Debug|Win32
		{AD5A3A6A-8B2B-4624-92A8-515088A63FBB}.Debug1|Win32.ActiveCfg = Debug1|Win32
		{AD5A3A6A-8B2B-4624-92A8-515088A63FBB}.Debug1|Win32.Build.0 = Debug1|Win32
		{AD5A3A6A-8B2B-4624-92A8-515088A63FBB}.Debug1|x64.ActiveCfg = Debug1|Win32
		{AD5A3A6A-8B2B-4624-92A8-515088A63FBB}.Debug1|x64.Build.0 = Debug1|Win32
		{AD5A3A6A-8B2B-4624-92A8-515088A63FBB}.Debug1|x86.ActiveCfg = Debug1|Win32
		{AD5A3A6A-8B2B-4624-92A8-515088A63FBB}.Debug1|x86.Build.0 = Debug1|Win32
		{AD5A3A6A-8B2B-4624-92A8-515088A63FBB}.Release|Win32.ActiveCfg = Release|Win32
		{AD5A3A6A-8B2B-4624-92A8-515088A63FBB}.Release|Win32.Build.0 = Release|Win32
		{AD5A3A6A-8B2B-4624-92A8-515088A63FBB}.Release|x64.ActiveCfg = Release|Win32
		{AD5A3A6A-8B2B-4624-92A8-515088A63FBB}.Release|x64.Build.0 = Release|Win32
		{AD5A3A6A-8B2B-4624-92A8-515088A63FBB}.Release|x86.ActiveCfg = Release|Win32
		{AD5A3A6A-8B2B-4624-92A8-515088A63FBB}.Release|x86.Build.0 = Release|Win32
	EndGlobalSection
	GlobalSection(SolutionProperties) = preSolution
		HideSolutionNode = FALSE
	EndGlobalSection
	GlobalSection(ExtensibilityGlobals) = postSolution
		SolutionGuid = {F980165C-E14B-4EF2-8087-FA04768D177E}
	EndGlobalSection
EndGlobal
